
Microsoft Visual Studio Solution File, Format Version 12.00
# Visual Studio Version 16
VisualStudioVersion = 16.0.30907.101
MinimumVisualStudioVersion = 10.0.40219.1
Project("{FAE04EC0-301F-11D3-BF4B-00C04F79EFBC}") = "Jedi mind tricks", "Jedi mind tricks\Jedi mind tricks.csproj", "{12CAB745-A637-4A79-8E14-E0A61CABD079}"
EndProject
Global
	GlobalSection(SolutionConfigurationPlatforms) = preSolution
		Debug|Any CPU = Debug|Any CPU
		Release|Any CPU = Release|Any CPU
	EndGlobalSection
	GlobalSection(ProjectConfigurationPlatforms) = postSolution
		{12CAB745-A637-4A79-8E14-E0A61CABD079}.Debug|Any CPU.ActiveCfg = Debug|Any CPU
		{12CAB745-A637-4A79-8E14-E0A61CABD079}.Debug|Any CPU.Build.0 = Debug|Any CPU
		{12CAB745-A637-4A79-8E14-E0A61CABD079}.Release|Any CPU.ActiveCfg = Release|Any CPU
		{12CAB745-A637-4A79-8E14-E0A61CABD079}.Release|Any CPU.Build.0 = Release|Any CPU
	EndGlobalSection
	GlobalSection(SolutionProperties) = preSolution
		HideSolutionNode = FALSE
	EndGlobalSection
	GlobalSection(ExtensibilityGlobals) = postSolution
		SolutionGuid = {1BC67E23-7EF9-4165-84CA-7A2A23DBFA65}
	EndGlobalSection
EndGlobal
